{
    "connectholland/cookie-consent-bundle": {
        "version": "0.4",
        "recipe": {
            "repo": "github.com/symfony/recipes-contrib",
            "branch": "master",
            "version": "0.4",
            "ref": "9725d24dc996a1041f25b9e29fc1567a861f98e4"
        },
        "files": [
            "config/packages/ch_cookie_consent.yaml",
            "config/routes/ch_cookie_consent.yaml"
        ]
    },
    "friendsofphp/proxy-manager-lts": {
        "version": "v1.0.3"
    },
    "laminas/laminas-code": {
        "version": "3.4.1"
    },
    "laminas/laminas-eventmanager": {
        "version": "3.3.0"
    },
    "paragonie/constant_time_encoding": {
        "version": "v2.4.0"
    },
    "phpstan/extension-installer": {
        "version": "1.1.0"
    },
    "phpstan/phpstan": {
        "version": "0.12.65"
    },
    "symfony/proxy-manager-bridge": {
        "version": "v4.4.19"
    }
}
